
Microsoft Visual Studio Solution File, Format Version 12.00
# Visual Studio Version 17
VisualStudioVersion = 17.4.33205.214
MinimumVisualStudioVersion = 10.0.40219.1
Project("{FAE04EC0-301F-11D3-BF4B-00C04F79EFBC}") = "DataAccess", "DataAccess\DataAccess.csproj", "{5B71104D-505D-4132-904A-6806C6932D99}"
EndProject
Project("{FAE04EC0-301F-11D3-BF4B-00C04F79EFBC}") = "Business", "Business\Business.csproj", "{6F5E7AB0-E72D-4A1F-BFFE-F11666AEEC82}"
EndProject
Project("{FAE04EC0-301F-11D3-BF4B-00C04F79EFBC}") = "Entities", "Entities\Entities.csproj", "{87F982C8-CAF7-43C1-98B6-4C28081271DE}"
EndProject
Global
	GlobalSection(SolutionConfigurationPlatforms) = preSolution
		Debug|Any CPU = Debug|Any CPU
		Release|Any CPU = Release|Any CPU
	EndGlobalSection
	GlobalSection(ProjectConfigurationPlatforms) = postSolution
		{5B71104D-505D-4132-904A-6806C6932D99}.Debug|Any CPU.ActiveCfg = Debug|Any CPU
		{5B71104D-505D-4132-904A-6806C6932D99}.Debug|Any CPU.Build.0 = Debug|Any CPU
		{5B71104D-505D-4132-904A-6806C6932D99}.Release|Any CPU.ActiveCfg = Release|Any CPU
		{5B71104D-505D-4132-904A-6806C6932D99}.Release|Any CPU.Build.0 = Release|Any CPU
		{6F5E7AB0-E72D-4A1F-BFFE-F11666AEEC82}.Debug|Any CPU.ActiveCfg = Debug|Any CPU
		{6F5E7AB0-E72D-4A1F-BFFE-F11666AEEC82}.Debug|Any CPU.Build.0 = Debug|Any CPU
		{6F5E7AB0-E72D-4A1F-BFFE-F11666AEEC82}.Release|Any CPU.ActiveCfg = Release|Any CPU
		{6F5E7AB0-E72D-4A1F-BFFE-F11666AEEC82}.Release|Any CPU.Build.0 = Release|Any CPU
		{87F982C8-CAF7-43C1-98B6-4C28081271DE}.Debug|Any CPU.ActiveCfg = Debug|Any CPU
		{87F982C8-CAF7-43C1-98B6-4C28081271DE}.Debug|Any CPU.Build.0 = Debug|Any CPU
		{87F982C8-CAF7-43C1-98B6-4C28081271DE}.Release|Any CPU.ActiveCfg = Release|Any CPU
		{87F982C8-CAF7-43C1-98B6-4C28081271DE}.Release|Any CPU.Build.0 = Release|Any CPU
	EndGlobalSection
	GlobalSection(SolutionProperties) = preSolution
		HideSolutionNode = FALSE
	EndGlobalSection
	GlobalSection(ExtensibilityGlobals) = postSolution
		SolutionGuid = {F945BFBD-0545-4686-81FC-006211FFF671}
	EndGlobalSection
EndGlobal
